// !$*UTF8*$!
{
	archiveVersion = 1;
	classes = {
	};
	objectVersion = 50;
	objects = {

/* Begin PBXBuildFile section */
		0404617B21C180F1003FD7C9 /* AddressOnMapVC.swift in Sources */ = {isa = PBXBuildFile; fileRef = 0404617A21C180F0003FD7C9 /* AddressOnMapVC.swift */; };
		0404618621C19FC3003FD7C9 /* FetchLocation.swift in Sources */ = {isa = PBXBuildFile; fileRef = 0404618521C19FC2003FD7C9 /* FetchLocation.swift */; };
		0404618921C19FE1003FD7C9 /* NSUtility.swift in Sources */ = {isa = PBXBuildFile; fileRef = 0404618821C19FE1003FD7C9 /* NSUtility.swift */; };
		0404619321C1A0AF003FD7C9 /* ExtensionFile.swift in Sources */ = {isa = PBXBuildFile; fileRef = 0404618B21C1A0AF003FD7C9 /* ExtensionFile.swift */; };
		0404619421C1A0AF003FD7C9 /* countries.json in Resources */ = {isa = PBXBuildFile; fileRef = 0404618D21C1A0AF003FD7C9 /* countries.json */; };
		0404619521C1A0AF003FD7C9 /* Info.plist in Resources */ = {isa = PBXBuildFile; fileRef = 0404618F21C1A0AF003FD7C9 /* Info.plist */; };
		0404619621C1A0AF003FD7C9 /* LaunchScreen.storyboard in Resources */ = {isa = PBXBuildFile; fileRef = 0404619121C1A0AF003FD7C9 /* LaunchScreen.storyboard */; };
		0404619721C1A0AF003FD7C9 /* Main.storyboard in Resources */ = {isa = PBXBuildFile; fileRef = 0404619221C1A0AF003FD7C9 /* Main.storyboard */; };
		8E29287F1A2A591694C2B95E /* Pods_Assignment.framework in Frameworks */ = {isa = PBXBuildFile; fileRef = 1938D22CE01A346AB074E42E /* Pods_Assignment.framework */; };
		D738008521C0F61900C3BB09 /* PostCategoriesViewController.swift in Sources */ = {isa = PBXBuildFile; fileRef = D738008421C0F61900C3BB09 /* PostCategoriesViewController.swift */; };
		D738008721C1196D00C3BB09 /* ConstantData.swift in Sources */ = {isa = PBXBuildFile; fileRef = D738008621C1196D00C3BB09 /* ConstantData.swift */; };
		D738008F21C1279800C3BB09 /* DatePickerView.swift in Sources */ = {isa = PBXBuildFile; fileRef = D738008E21C1279800C3BB09 /* DatePickerView.swift */; };
		D738009121C127A700C3BB09 /* DatePickerView.xib in Resources */ = {isa = PBXBuildFile; fileRef = D738009021C127A700C3BB09 /* DatePickerView.xib */; };
		D760D47021BFDA9300422A4D /* Assets.xcassets in Resources */ = {isa = PBXBuildFile; fileRef = D760D46F21BFDA9300422A4D /* Assets.xcassets */; };
		D760D48C21BFDCE500422A4D /* PostViewController.swift in Sources */ = {isa = PBXBuildFile; fileRef = D760D48B21BFDCE500422A4D /* PostViewController.swift */; };
		D760D49421BFE63000422A4D /* CountryListViewController.xib in Resources */ = {isa = PBXBuildFile; fileRef = D760D49121BFE63000422A4D /* CountryListViewController.xib */; };
		D760D49521BFE63000422A4D /* CountryListViewController.swift in Sources */ = {isa = PBXBuildFile; fileRef = D760D49221BFE63000422A4D /* CountryListViewController.swift */; };
		D760D49621BFE63000422A4D /* TokenView.xib in Resources */ = {isa = PBXBuildFile; fileRef = D760D49321BFE63000422A4D /* TokenView.xib */; };
		D760D49F21BFE66F00422A4D /* GlobalValues.swift in Sources */ = {isa = PBXBuildFile; fileRef = D760D49821BFE66F00422A4D /* GlobalValues.swift */; };
		D760D4A321BFE66F00422A4D /* FontConstants.swift in Sources */ = {isa = PBXBuildFile; fileRef = D760D49C21BFE66F00422A4D /* FontConstants.swift */; };
		D760D4A421BFE66F00422A4D /* Colors.swift in Sources */ = {isa = PBXBuildFile; fileRef = D760D49D21BFE66F00422A4D /* Colors.swift */; };
		D760D4A521BFE66F00422A4D /* ConstantStrings.swift in Sources */ = {isa = PBXBuildFile; fileRef = D760D49E21BFE66F00422A4D /* ConstantStrings.swift */; };
		D760D4A921BFEA5A00422A4D /* PostViewModel.swift in Sources */ = {isa = PBXBuildFile; fileRef = D760D4A821BFEA5A00422A4D /* PostViewModel.swift */; };
		D760D4AC21BFEBEE00422A4D /* AddressVC.swift in Sources */ = {isa = PBXBuildFile; fileRef = D760D4AB21BFEBEE00422A4D /* AddressVC.swift */; };
		D760D4AE21BFED7500422A4D /* AppDelegate.swift in Sources */ = {isa = PBXBuildFile; fileRef = D760D4AD21BFED7500422A4D /* AppDelegate.swift */; };
/* End PBXBuildFile section */

/* Begin PBXFileReference section */
		0404617A21C180F0003FD7C9 /* AddressOnMapVC.swift */ = {isa = PBXFileReference; fileEncoding = 4; lastKnownFileType = sourcecode.swift; path = AddressOnMapVC.swift; sourceTree = "<group>"; };
		0404618521C19FC2003FD7C9 /* FetchLocation.swift */ = {isa = PBXFileReference; fileEncoding = 4; lastKnownFileType = sourcecode.swift; path = FetchLocation.swift; sourceTree = "<group>"; };
		0404618821C19FE1003FD7C9 /* NSUtility.swift */ = {isa = PBXFileReference; fileEncoding = 4; lastKnownFileType = sourcecode.swift; path = NSUtility.swift; sourceTree = "<group>"; };
		0404618B21C1A0AF003FD7C9 /* ExtensionFile.swift */ = {isa = PBXFileReference; fileEncoding = 4; lastKnownFileType = sourcecode.swift; path = ExtensionFile.swift; sourceTree = "<group>"; };
		0404618D21C1A0AF003FD7C9 /* countries.json */ = {isa = PBXFileReference; fileEncoding = 4; lastKnownFileType = text.json; path = countries.json; sourceTree = "<group>"; };
		0404618F21C1A0AF003FD7C9 /* Info.plist */ = {isa = PBXFileReference; fileEncoding = 4; lastKnownFileType = text.plist.xml; path = Info.plist; sourceTree = "<group>"; };
		0404619121C1A0AF003FD7C9 /* LaunchScreen.storyboard */ = {isa = PBXFileReference; fileEncoding = 4; lastKnownFileType = file.storyboard; path = LaunchScreen.storyboard; sourceTree = "<group>"; };
		0404619221C1A0AF003FD7C9 /* Main.storyboard */ = {isa = PBXFileReference; fileEncoding = 4; lastKnownFileType = file.storyboard; path = Main.storyboard; sourceTree = "<group>"; };
		1938D22CE01A346AB074E42E /* Pods_Assignment.framework */ = {isa = PBXFileReference; explicitFileType = wrapper.framework; includeInIndex = 0; path = Pods_Assignment.framework; sourceTree = BUILT_PRODUCTS_DIR; };
		D738008421C0F61900C3BB09 /* PostCategoriesViewController.swift */ = {isa = PBXFileReference; lastKnownFileType = sourcecode.swift; path = PostCategoriesViewController.swift; sourceTree = "<group>"; };
		D738008621C1196D00C3BB09 /* ConstantData.swift */ = {isa = PBXFileReference; lastKnownFileType = sourcecode.swift; path = ConstantData.swift; sourceTree = "<group>"; };
		D738008E21C1279800C3BB09 /* DatePickerView.swift */ = {isa = PBXFileReference; lastKnownFileType = sourcecode.swift; path = DatePickerView.swift; sourceTree = "<group>"; };
		D738009021C127A700C3BB09 /* DatePickerView.xib */ = {isa = PBXFileReference; lastKnownFileType = file.xib; path = DatePickerView.xib; sourceTree = "<group>"; };
		D760D46521BFDA9100422A4D /* Assignment.app */ = {isa = PBXFileReference; explicitFileType = wrapper.application; includeInIndex = 0; path = Assignment.app; sourceTree = BUILT_PRODUCTS_DIR; };
		D760D46F21BFDA9300422A4D /* Assets.xcassets */ = {isa = PBXFileReference; lastKnownFileType = folder.assetcatalog; path = Assets.xcassets; sourceTree = "<group>"; };
		D760D48B21BFDCE500422A4D /* PostViewController.swift */ = {isa = PBXFileReference; lastKnownFileType = sourcecode.swift; path = PostViewController.swift; sourceTree = "<group>"; };
		D760D49121BFE63000422A4D /* CountryListViewController.xib */ = {isa = PBXFileReference; fileEncoding = 4; lastKnownFileType = file.xib; path = CountryListViewController.xib; sourceTree = "<group>"; };
		D760D49221BFE63000422A4D /* CountryListViewController.swift */ = {isa = PBXFileReference; fileEncoding = 4; lastKnownFileType = sourcecode.swift; path = CountryListViewController.swift; sourceTree = "<group>"; };
		D760D49321BFE63000422A4D /* TokenView.xib */ = {isa = PBXFileReference; fileEncoding = 4; lastKnownFileType = file.xib; path = TokenView.xib; sourceTree = "<group>"; };
		D760D49821BFE66F00422A4D /* GlobalValues.swift */ = {isa = PBXFileReference; fileEncoding = 4; lastKnownFileType = sourcecode.swift; path = GlobalValues.swift; sourceTree = "<group>"; };
		D760D49C21BFE66F00422A4D /* FontConstants.swift */ = {isa = PBXFileReference; fileEncoding = 4; lastKnownFileType = sourcecode.swift; path = FontConstants.swift; sourceTree = "<group>"; };
		D760D49D21BFE66F00422A4D /* Colors.swift */ = {isa = PBXFileReference; fileEncoding = 4; lastKnownFileType = sourcecode.swift; path = Colors.swift; sourceTree = "<group>"; };
		D760D49E21BFE66F00422A4D /* ConstantStrings.swift */ = {isa = PBXFileReference; fileEncoding = 4; lastKnownFileType = sourcecode.swift; path = ConstantStrings.swift; sourceTree = "<group>"; };
		D760D4A821BFEA5A00422A4D /* PostViewModel.swift */ = {isa = PBXFileReference; lastKnownFileType = sourcecode.swift; path = PostViewModel.swift; sourceTree = "<group>"; };
		D760D4AB21BFEBEE00422A4D /* AddressVC.swift */ = {isa = PBXFileReference; fileEncoding = 4; lastKnownFileType = sourcecode.swift; path = AddressVC.swift; sourceTree = "<group>"; };
		D760D4AD21BFED7500422A4D /* AppDelegate.swift */ = {isa = PBXFileReference; lastKnownFileType = sourcecode.swift; path = AppDelegate.swift; sourceTree = "<group>"; };
		DF1920732E95C378094EE01D /* Pods-Assignment.debug.xcconfig */ = {isa = PBXFileReference; includeInIndex = 1; lastKnownFileType = text.xcconfig; name = "Pods-Assignment.debug.xcconfig"; path = "Pods/Target Support Files/Pods-Assignment/Pods-Assignment.debug.xcconfig"; sourceTree = "<group>"; };
		FF0827D8505B3C4E144523A5 /* Pods-Assignment.release.xcconfig */ = {isa = PBXFileReference; includeInIndex = 1; lastKnownFileType = text.xcconfig; name = "Pods-Assignment.release.xcconfig"; path = "Pods/Target Support Files/Pods-Assignment/Pods-Assignment.release.xcconfig"; sourceTree = "<group>"; };
/* End PBXFileReference section */

/* Begin PBXFrameworksBuildPhase section */
		D760D46221BFDA9100422A4D /* Frameworks */ = {
			isa = PBXFrameworksBuildPhase;
			buildActionMask = 2147483647;
			files = (
				8E29287F1A2A591694C2B95E /* Pods_Assignment.framework in Frameworks */,
			);
			runOnlyForDeploymentPostprocessing = 0;
		};
/* End PBXFrameworksBuildPhase section */

/* Begin PBXGroup section */
		0404618421C19FC2003FD7C9 /* GoogleLocationManager */ = {
			isa = PBXGroup;
			children = (
				0404618521C19FC2003FD7C9 /* FetchLocation.swift */,
			);
			path = GoogleLocationManager;
			sourceTree = "<group>";
		};
		0404618721C19FE1003FD7C9 /* Utilities */ = {
			isa = PBXGroup;
			children = (
				0404618821C19FE1003FD7C9 /* NSUtility.swift */,
			);
			path = Utilities;
			sourceTree = "<group>";
		};
		0404618A21C1A0AF003FD7C9 /* Extensions */ = {
			isa = PBXGroup;
			children = (
				0404618B21C1A0AF003FD7C9 /* ExtensionFile.swift */,
			);
			path = Extensions;
			sourceTree = "<group>";
		};
		0404618C21C1A0AF003FD7C9 /* Resources */ = {
			isa = PBXGroup;
			children = (
				0404618D21C1A0AF003FD7C9 /* countries.json */,
			);
			path = Resources;
			sourceTree = "<group>";
		};
		0404618E21C1A0AF003FD7C9 /* Plists */ = {
			isa = PBXGroup;
			children = (
				0404618F21C1A0AF003FD7C9 /* Info.plist */,
			);
			path = Plists;
			sourceTree = "<group>";
		};
		0404619021C1A0AF003FD7C9 /* StoreyBoards */ = {
			isa = PBXGroup;
			children = (
				0404619121C1A0AF003FD7C9 /* LaunchScreen.storyboard */,
				0404619221C1A0AF003FD7C9 /* Main.storyboard */,
			);
			path = StoreyBoards;
			sourceTree = "<group>";
		};
		8B3B985651BDE53567F27612 /* Frameworks */ = {
			isa = PBXGroup;
			children = (
				1938D22CE01A346AB074E42E /* Pods_Assignment.framework */,
			);
			name = Frameworks;
			sourceTree = "<group>";
		};
		96C5816FC446249BCBDD774D /* Pods */ = {
			isa = PBXGroup;
			children = (
				DF1920732E95C378094EE01D /* Pods-Assignment.debug.xcconfig */,
				FF0827D8505B3C4E144523A5 /* Pods-Assignment.release.xcconfig */,
			);
			name = Pods;
			sourceTree = "<group>";
		};
		D738008D21C1278C00C3BB09 /* DatePickerView */ = {
			isa = PBXGroup;
			children = (
				D738008E21C1279800C3BB09 /* DatePickerView.swift */,
				D738009021C127A700C3BB09 /* DatePickerView.xib */,
			);
			path = DatePickerView;
			sourceTree = "<group>";
		};
		D760D45C21BFDA9100422A4D = {
			isa = PBXGroup;
			children = (
				D760D46721BFDA9100422A4D /* Assignment */,
				D760D46621BFDA9100422A4D /* Products */,
				96C5816FC446249BCBDD774D /* Pods */,
				8B3B985651BDE53567F27612 /* Frameworks */,
			);
			sourceTree = "<group>";
		};
		D760D46621BFDA9100422A4D /* Products */ = {
			isa = PBXGroup;
			children = (
				D760D46521BFDA9100422A4D /* Assignment.app */,
			);
			name = Products;
			sourceTree = "<group>";
		};
		D760D46721BFDA9100422A4D /* Assignment */ = {
			isa = PBXGroup;
			children = (
				0404618A21C1A0AF003FD7C9 /* Extensions */,
				0404618E21C1A0AF003FD7C9 /* Plists */,
				0404618C21C1A0AF003FD7C9 /* Resources */,
				0404619021C1A0AF003FD7C9 /* StoreyBoards */,
				0404618721C19FE1003FD7C9 /* Utilities */,
				0404618421C19FC2003FD7C9 /* GoogleLocationManager */,
				D760D49721BFE66F00422A4D /* Constants */,
				D760D48221BFDB9200422A4D /* Businesslayer */,
				D760D46F21BFDA9300422A4D /* Assets.xcassets */,
			);
			path = Assignment;
			sourceTree = "<group>";
		};
		D760D48221BFDB9200422A4D /* Businesslayer */ = {
			isa = PBXGroup;
			children = (
				D760D48321BFDB9200422A4D /* ViewModels */,
				D760D48421BFDB9200422A4D /* AppDelegate */,
				D760D48521BFDB9200422A4D /* Controllers */,
				D760D48621BFDB9200422A4D /* Views */,
			);
			path = Businesslayer;
			sourceTree = "<group>";
		};
		D760D48321BFDB9200422A4D /* ViewModels */ = {
			isa = PBXGroup;
			children = (
				D760D4A821BFEA5A00422A4D /* PostViewModel.swift */,
			);
			path = ViewModels;
			sourceTree = "<group>";
		};
		D760D48421BFDB9200422A4D /* AppDelegate */ = {
			isa = PBXGroup;
			children = (
				D760D4AD21BFED7500422A4D /* AppDelegate.swift */,
			);
			path = AppDelegate;
			sourceTree = "<group>";
		};
		D760D48521BFDB9200422A4D /* Controllers */ = {
			isa = PBXGroup;
			children = (
				D760D4AA21BFEBEE00422A4D /* PickLocationViewController */,
				D760D49021BFE63000422A4D /* CountyListVCs */,
				D760D48A21BFDCAC00422A4D /* PostViewController */,
			);
			path = Controllers;
			sourceTree = "<group>";
		};
		D760D48621BFDB9200422A4D /* Views */ = {
			isa = PBXGroup;
			children = (
				D738008D21C1278C00C3BB09 /* DatePickerView */,
			);
			path = Views;
			sourceTree = "<group>";
		};
		D760D48A21BFDCAC00422A4D /* PostViewController */ = {
			isa = PBXGroup;
			children = (
				D760D48B21BFDCE500422A4D /* PostViewController.swift */,
				D738008421C0F61900C3BB09 /* PostCategoriesViewController.swift */,
			);
			path = PostViewController;
			sourceTree = "<group>";
		};
		D760D49021BFE63000422A4D /* CountyListVCs */ = {
			isa = PBXGroup;
			children = (
				D760D49121BFE63000422A4D /* CountryListViewController.xib */,
				D760D49221BFE63000422A4D /* CountryListViewController.swift */,
				D760D49321BFE63000422A4D /* TokenView.xib */,
			);
			path = CountyListVCs;
			sourceTree = "<group>";
		};
		D760D49721BFE66F00422A4D /* Constants */ = {
			isa = PBXGroup;
			children = (
				D760D49821BFE66F00422A4D /* GlobalValues.swift */,
				D760D49C21BFE66F00422A4D /* FontConstants.swift */,
				D760D49D21BFE66F00422A4D /* Colors.swift */,
				D760D49E21BFE66F00422A4D /* ConstantStrings.swift */,
				D738008621C1196D00C3BB09 /* ConstantData.swift */,
			);
			path = Constants;
			sourceTree = "<group>";
		};
		D760D4AA21BFEBEE00422A4D /* PickLocationViewController */ = {
			isa = PBXGroup;
			children = (
				0404617A21C180F0003FD7C9 /* AddressOnMapVC.swift */,
				D760D4AB21BFEBEE00422A4D /* AddressVC.swift */,
			);
			path = PickLocationViewController;
			sourceTree = "<group>";
		};
/* End PBXGroup section */

/* Begin PBXNativeTarget section */
		D760D46421BFDA9100422A4D /* Assignment */ = {
			isa = PBXNativeTarget;
			buildConfigurationList = D760D47721BFDA9300422A4D /* Build configuration list for PBXNativeTarget "Assignment" */;
			buildPhases = (
				202600DAC1142EFAD828F167 /* [CP] Check Pods Manifest.lock */,
				D760D46121BFDA9100422A4D /* Sources */,
				D760D46221BFDA9100422A4D /* Frameworks */,
				D760D46321BFDA9100422A4D /* Resources */,
				F00D67468BF084F4138A2F1F /* [CP] Embed Pods Frameworks */,
				97143F6F0946AF0656AA22D5 /* [CP] Copy Pods Resources */,
			);
			buildRules = (
			);
			dependencies = (
			);
			name = Assignment;
			productName = Assignment;
			productReference = D760D46521BFDA9100422A4D /* Assignment.app */;
			productType = "com.apple.product-type.application";
		};
/* End PBXNativeTarget section */

/* Begin PBXProject section */
		D760D45D21BFDA9100422A4D /* Project object */ = {
			isa = PBXProject;
			attributes = {
				LastSwiftUpdateCheck = 1000;
				LastUpgradeCheck = 1000;
				ORGANIZATIONNAME = Dev;
				TargetAttributes = {
					D760D46421BFDA9100422A4D = {
						CreatedOnToolsVersion = 10.0;
						LastSwiftMigration = 1000;
					};
				};
			};
			buildConfigurationList = D760D46021BFDA9100422A4D /* Build configuration list for PBXProject "Assignment" */;
			compatibilityVersion = "Xcode 9.3";
			developmentRegion = en;
			hasScannedForEncodings = 0;
			knownRegions = (
				en,
				Base,
			);
			mainGroup = D760D45C21BFDA9100422A4D;
			productRefGroup = D760D46621BFDA9100422A4D /* Products */;
			projectDirPath = "";
			projectRoot = "";
			targets = (
				D760D46421BFDA9100422A4D /* Assignment */,
			);
		};
/* End PBXProject section */

/* Begin PBXResourcesBuildPhase section */
		D760D46321BFDA9100422A4D /* Resources */ = {
			isa = PBXResourcesBuildPhase;
			buildActionMask = 2147483647;
			files = (
				D760D49621BFE63000422A4D /* TokenView.xib in Resources */,
				D738009121C127A700C3BB09 /* DatePickerView.xib in Resources */,
				0404619521C1A0AF003FD7C9 /* Info.plist in Resources */,
				0404619721C1A0AF003FD7C9 /* Main.storyboard in Resources */,
				D760D49421BFE63000422A4D /* CountryListViewController.xib in Resources */,
				0404619621C1A0AF003FD7C9 /* LaunchScreen.storyboard in Resources */,
				0404619421C1A0AF003FD7C9 /* countries.json in Resources */,
				D760D47021BFDA9300422A4D /* Assets.xcassets in Resources */,
			);
			runOnlyForDeploymentPostprocessing = 0;
		};
/* End PBXResourcesBuildPhase section */

/* Begin PBXShellScriptBuildPhase section */
		202600DAC1142EFAD828F167 /* [CP] Check Pods Manifest.lock */ = {
			isa = PBXShellScriptBuildPhase;
			buildActionMask = 2147483647;
			files = (
			);
			inputPaths = (
				"${PODS_PODFILE_DIR_PATH}/Podfile.lock",
				"${PODS_ROOT}/Manifest.lock",
			);
			name = "[CP] Check Pods Manifest.lock";
			outputPaths = (
				"$(DERIVED_FILE_DIR)/Pods-Assignment-checkManifestLockResult.txt",
			);
			runOnlyForDeploymentPostprocessing = 0;
			shellPath = /bin/sh;
			shellScript = "diff \"${PODS_PODFILE_DIR_PATH}/Podfile.lock\" \"${PODS_ROOT}/Manifest.lock\" > /dev/null\nif [ $? != 0 ] ; then\n    # print error to STDERR\n    echo \"error: The sandbox is not in sync with the Podfile.lock. Run 'pod install' or update your CocoaPods installation.\" >&2\n    exit 1\nfi\n# This output is used by Xcode 'outputs' to avoid re-running this script phase.\necho \"SUCCESS\" > \"${SCRIPT_OUTPUT_FILE_0}\"\n";
			showEnvVarsInLog = 0;
		};
		97143F6F0946AF0656AA22D5 /* [CP] Copy Pods Resources */ = {
			isa = PBXShellScriptBuildPhase;
			buildActionMask = 2147483647;
			files = (
			);
			inputPaths = (
				"${SRCROOT}/Pods/Target Support Files/Pods-Assignment/Pods-Assignment-resources.sh",
				"${PODS_ROOT}/GoogleMaps/Maps/Frameworks/GoogleMaps.framework/Resources/GoogleMaps.bundle",
				"${PODS_ROOT}/GooglePlacePicker/Frameworks/GooglePlacePicker.framework/Resources/GooglePlacePicker.bundle",
				"${PODS_ROOT}/GooglePlaces/Frameworks/GooglePlaces.framework/Resources/GooglePlaces.bundle",
			);
			name = "[CP] Copy Pods Resources";
			outputPaths = (
				"${TARGET_BUILD_DIR}/${UNLOCALIZED_RESOURCES_FOLDER_PATH}/GoogleMaps.bundle",
				"${TARGET_BUILD_DIR}/${UNLOCALIZED_RESOURCES_FOLDER_PATH}/GooglePlacePicker.bundle",
				"${TARGET_BUILD_DIR}/${UNLOCALIZED_RESOURCES_FOLDER_PATH}/GooglePlaces.bundle",
			);
			runOnlyForDeploymentPostprocessing = 0;
			shellPath = /bin/sh;
			shellScript = "\"${SRCROOT}/Pods/Target Support Files/Pods-Assignment/Pods-Assignment-resources.sh\"\n";
			showEnvVarsInLog = 0;
		};
		F00D67468BF084F4138A2F1F /* [CP] Embed Pods Frameworks */ = {
			isa = PBXShellScriptBuildPhase;
			buildActionMask = 2147483647;
			files = (
			);
			inputPaths = (
				"${SRCROOT}/Pods/Target Support Files/Pods-Assignment/Pods-Assignment-frameworks.sh",
				"${BUILT_PRODUCTS_DIR}/IQKeyboardManager/IQKeyboardManager.framework",
				"${BUILT_PRODUCTS_DIR}/SkyFloatingLabelTextField/SkyFloatingLabelTextField.framework",
			);
			name = "[CP] Embed Pods Frameworks";
			outputPaths = (
				"${TARGET_BUILD_DIR}/${FRAMEWORKS_FOLDER_PATH}/IQKeyboardManager.framework",
				"${TARGET_BUILD_DIR}/${FRAMEWORKS_FOLDER_PATH}/SkyFloatingLabelTextField.framework",
			);
			runOnlyForDeploymentPostprocessing = 0;
			shellPath = /bin/sh;
			shellScript = "\"${SRCROOT}/Pods/Target Support Files/Pods-Assignment/Pods-Assignment-frameworks.sh\"\n";
			showEnvVarsInLog = 0;
		};
/* End PBXShellScriptBuildPhase section */

/* Begin PBXSourcesBuildPhase section */
		D760D46121BFDA9100422A4D /* Sources */ = {
			isa = PBXSourcesBuildPhase;
			buildActionMask = 2147483647;
			files = (
				D760D4A921BFEA5A00422A4D /* PostViewModel.swift in Sources */,
				D760D4AC21BFEBEE00422A4D /* AddressVC.swift in Sources */,
				D760D4A421BFE66F00422A4D /* Colors.swift in Sources */,
				D738008721C1196D00C3BB09 /* ConstantData.swift in Sources */,
				D738008F21C1279800C3BB09 /* DatePickerView.swift in Sources */,
				D760D4A321BFE66F00422A4D /* FontConstants.swift in Sources */,
				D760D48C21BFDCE500422A4D /* PostViewController.swift in Sources */,
				0404617B21C180F1003FD7C9 /* AddressOnMapVC.swift in Sources */,
				0404618621C19FC3003FD7C9 /* FetchLocation.swift in Sources */,
				D760D49521BFE63000422A4D /* CountryListViewController.swift in Sources */,
				D760D49F21BFE66F00422A4D /* GlobalValues.swift in Sources */,
				0404619321C1A0AF003FD7C9 /* ExtensionFile.swift in Sources */,
				D760D4AE21BFED7500422A4D /* AppDelegate.swift in Sources */,
				D760D4A521BFE66F00422A4D /* ConstantStrings.swift in Sources */,
				D738008521C0F61900C3BB09 /* PostCategoriesViewController.swift in Sources */,
				0404618921C19FE1003FD7C9 /* NSUtility.swift in Sources */,
			);
			runOnlyForDeploymentPostprocessing = 0;
		};
/* End PBXSourcesBuildPhase section */

/* Begin XCBuildConfiguration section */
		D760D47521BFDA9300422A4D /* Debug */ = {
			isa = XCBuildConfiguration;
			buildSettings = {
				ALWAYS_SEARCH_USER_PATHS = NO;
				CLANG_ANALYZER_NONNULL = YES;
				CLANG_ANALYZER_NUMBER_OBJECT_CONVERSION = YES_AGGRESSIVE;
				CLANG_CXX_LANGUAGE_STANDARD = "gnu++14";
				CLANG_CXX_LIBRARY = "libc++";
				CLANG_ENABLE_MODULES = YES;
				CLANG_ENABLE_OBJC_ARC = YES;
				CLANG_ENABLE_OBJC_WEAK = YES;
				CLANG_WARN_BLOCK_CAPTURE_AUTORELEASING = YES;
				CLANG_WARN_BOOL_CONVERSION = YES;
				CLANG_WARN_COMMA = YES;
				CLANG_WARN_CONSTANT_CONVERSION = YES;
				CLANG_WARN_DEPRECATED_OBJC_IMPLEMENTATIONS = YES;
				CLANG_WARN_DIRECT_OBJC_ISA_USAGE = YES_ERROR;
				CLANG_WARN_DOCUMENTATION_COMMENTS = YES;
				CLANG_WARN_EMPTY_BODY = YES;
				CLANG_WARN_ENUM_CONVERSION = YES;
				CLANG_WARN_INFINITE_RECURSION = YES;
				CLANG_WARN_INT_CONVERSION = YES;
				CLANG_WARN_NON_LITERAL_NULL_CONVERSION = YES;
				CLANG_WARN_OBJC_IMPLICIT_RETAIN_SELF = YES;
				CLANG_WARN_OBJC_LITERAL_CONVERSION = YES;
				CLANG_WARN_OBJC_ROOT_CLASS = YES_ERROR;
				CLANG_WARN_RANGE_LOOP_ANALYSIS = YES;
				CLANG_WARN_STRICT_PROTOTYPES = YES;
				CLANG_WARN_SUSPICIOUS_MOVE = YES;
				CLANG_WARN_UNGUARDED_AVAILABILITY = YES_AGGRESSIVE;
				CLANG_WARN_UNREACHABLE_CODE = YES;
				CLANG_WARN__DUPLICATE_METHOD_MATCH = YES;
				CODE_SIGN_IDENTITY = "iPhone Developer";
				COPY_PHASE_STRIP = NO;
				DEBUG_INFORMATION_FORMAT = dwarf;
				ENABLE_STRICT_OBJC_MSGSEND = YES;
				ENABLE_TESTABILITY = YES;
				GCC_C_LANGUAGE_STANDARD = gnu11;
				GCC_DYNAMIC_NO_PIC = NO;
				GCC_NO_COMMON_BLOCKS = YES;
				GCC_OPTIMIZATION_LEVEL = 0;
				GCC_PREPROCESSOR_DEFINITIONS = (
					"DEBUG=1",
					"$(inherited)",
				);
				GCC_WARN_64_TO_32_BIT_CONVERSION = YES;
				GCC_WARN_ABOUT_RETURN_TYPE = YES_ERROR;
				GCC_WARN_UNDECLARED_SELECTOR = YES;
				GCC_WARN_UNINITIALIZED_AUTOS = YES_AGGRESSIVE;
				GCC_WARN_UNUSED_FUNCTION = YES;
				GCC_WARN_UNUSED_VARIABLE = YES;
				IPHONEOS_DEPLOYMENT_TARGET = 12.0;
				MTL_ENABLE_DEBUG_INFO = INCLUDE_SOURCE;
				MTL_FAST_MATH = YES;
				ONLY_ACTIVE_ARCH = YES;
				SDKROOT = iphoneos;
				SWIFT_ACTIVE_COMPILATION_CONDITIONS = DEBUG;
				SWIFT_OPTIMIZATION_LEVEL = "-Onone";
			};
			name = Debug;
		};
		D760D47621BFDA9300422A4D /* Release */ = {
			isa = XCBuildConfiguration;
			buildSettings = {
				ALWAYS_SEARCH_USER_PATHS = NO;
				CLANG_ANALYZER_NONNULL = YES;
				CLANG_ANALYZER_NUMBER_OBJECT_CONVERSION = YES_AGGRESSIVE;
				CLANG_CXX_LANGUAGE_STANDARD = "gnu++14";
				CLANG_CXX_LIBRARY = "libc++";
				CLANG_ENABLE_MODULES = YES;
				CLANG_ENABLE_OBJC_ARC = YES;
				CLANG_ENABLE_OBJC_WEAK = YES;
				CLANG_WARN_BLOCK_CAPTURE_AUTORELEASING = YES;
				CLANG_WARN_BOOL_CONVERSION = YES;
				CLANG_WARN_COMMA = YES;
				CLANG_WARN_CONSTANT_CONVERSION = YES;
				CLANG_WARN_DEPRECATED_OBJC_IMPLEMENTATIONS = YES;
				CLANG_WARN_DIRECT_OBJC_ISA_USAGE = YES_ERROR;
				CLANG_WARN_DOCUMENTATION_COMMENTS = YES;
				CLANG_WARN_EMPTY_BODY = YES;
				CLANG_WARN_ENUM_CONVERSION = YES;
				CLANG_WARN_INFINITE_RECURSION = YES;
				CLANG_WARN_INT_CONVERSION = YES;
				CLANG_WARN_NON_LITERAL_NULL_CONVERSION = YES;
				CLANG_WARN_OBJC_IMPLICIT_RETAIN_SELF = YES;
				CLANG_WARN_OBJC_LITERAL_CONVERSION = YES;
				CLANG_WARN_OBJC_ROOT_CLASS = YES_ERROR;
				CLANG_WARN_RANGE_LOOP_ANALYSIS = YES;
				CLANG_WARN_STRICT_PROTOTYPES = YES;
				CLANG_WARN_SUSPICIOUS_MOVE = YES;
				CLANG_WARN_UNGUARDED_AVAILABILITY = YES_AGGRESSIVE;
				CLANG_WARN_UNREACHABLE_CODE = YES;
				CLANG_WARN__DUPLICATE_METHOD_MATCH = YES;
				CODE_SIGN_IDENTITY = "iPhone Developer";
				COPY_PHASE_STRIP = NO;
				DEBUG_INFORMATION_FORMAT = "dwarf-with-dsym";
				ENABLE_NS_ASSERTIONS = NO;
				ENABLE_STRICT_OBJC_MSGSEND = YES;
				GCC_C_LANGUAGE_STANDARD = gnu11;
				GCC_NO_COMMON_BLOCKS = YES;
				GCC_WARN_64_TO_32_BIT_CONVERSION = YES;
				GCC_WARN_ABOUT_RETURN_TYPE = YES_ERROR;
				GCC_WARN_UNDECLARED_SELECTOR = YES;
				GCC_WARN_UNINITIALIZED_AUTOS = YES_AGGRESSIVE;
				GCC_WARN_UNUSED_FUNCTION = YES;
				GCC_WARN_UNUSED_VARIABLE = YES;
				IPHONEOS_DEPLOYMENT_TARGET = 12.0;
				MTL_ENABLE_DEBUG_INFO = NO;
				MTL_FAST_MATH = YES;
				SDKROOT = iphoneos;
				SWIFT_COMPILATION_MODE = wholemodule;
				SWIFT_OPTIMIZATION_LEVEL = "-O";
				VALIDATE_PRODUCT = YES;
			};
			name = Release;
		};
		D760D47821BFDA9300422A4D /* Debug */ = {
			isa = XCBuildConfiguration;
			baseConfigurationReference = DF1920732E95C378094EE01D /* Pods-Assignment.debug.xcconfig */;
			buildSettings = {
				ASSETCATALOG_COMPILER_APPICON_NAME = AppIcon;
				CLANG_ENABLE_MODULES = YES;
				CODE_SIGN_STYLE = Automatic;
				DEVELOPMENT_TEAM = GFSZHD28XL;
				INFOPLIST_FILE = "$(SRCROOT)/Assignment/Plists/Info.plist";
				IPHONEOS_DEPLOYMENT_TARGET = 10.0;
				LD_RUNPATH_SEARCH_PATHS = (
					"$(inherited)",
					"@executable_path/Frameworks",
				);
				PRODUCT_BUNDLE_IDENTIFIER = com.app.Assignment;
				PRODUCT_NAME = "$(TARGET_NAME)";
				SWIFT_OPTIMIZATION_LEVEL = "-Onone";
				SWIFT_VERSION = 4.2;
				TARGETED_DEVICE_FAMILY = 1;
			};
			name = Debug;
		};
		D760D47921BFDA9300422A4D /* Release */ = {
			isa = XCBuildConfiguration;
			baseConfigurationReference = FF0827D8505B3C4E144523A5 /* Pods-Assignment.release.xcconfig */;
			buildSettings = {
				ASSETCATALOG_COMPILER_APPICON_NAME = AppIcon;
				CLANG_ENABLE_MODULES = YES;
				CODE_SIGN_STYLE = Automatic;
				DEVELOPMENT_TEAM = GFSZHD28XL;
				INFOPLIST_FILE = "$(SRCROOT)/Assignment/Plists/Info.plist";
				IPHONEOS_DEPLOYMENT_TARGET = 10.0;
				LD_RUNPATH_SEARCH_PATHS = (
					"$(inherited)",
					"@executable_path/Frameworks",
				);
				PRODUCT_BUNDLE_IDENTIFIER = com.app.Assignment;
				PRODUCT_NAME = "$(TARGET_NAME)";
				SWIFT_VERSION = 4.2;
				TARGETED_DEVICE_FAMILY = 1;
			};
			name = Release;
		};
/* End XCBuildConfiguration section */

/* Begin XCConfigurationList section */
		D760D46021BFDA9100422A4D /* Build configuration list for PBXProject "Assignment" */ = {
			isa = XCConfigurationList;
			buildConfigurations = (
				D760D47521BFDA9300422A4D /* Debug */,
				D760D47621BFDA9300422A4D /* Release */,
			);
			defaultConfigurationIsVisible = 0;
			defaultConfigurationName = Release;
		};
		D760D47721BFDA9300422A4D /* Build configuration list for PBXNativeTarget "Assignment" */ = {
			isa = XCConfigurationList;
			buildConfigurations = (
				D760D47821BFDA9300422A4D /* Debug */,
				D760D47921BFDA9300422A4D /* Release */,
			);
			defaultConfigurationIsVisible = 0;
			defaultConfigurationName = Release;
		};
/* End XCConfigurationList section */
	};
	rootObject = D760D45D21BFDA9100422A4D /* Project object */;
}
